// !$*UTF8*$!
{
	archiveVersion = 1;
	classes = {
	};
	objectVersion = 46;
	objects = {

/* Begin PBXBuildFile section */
		B209D7181A2EBB8900033021 /* Snake.cpp in Sources */ = {isa = PBXBuildFile; fileRef = B209D7161A2EBB8900033021 /* Snake.cpp */; };
		B209D71B1A2EBB9400033021 /* Controller.cpp in Sources */ = {isa = PBXBuildFile; fileRef = B209D7191A2EBB9400033021 /* Controller.cpp */; };
		B209D71E1A2EBBA200033021 /* Renderer.cpp in Sources */ = {isa = PBXBuildFile; fileRef = B209D71C1A2EBBA200033021 /* Renderer.cpp */; };
		B20C795D1A2C592C0002E40B /* libRaknet.a in Frameworks */ = {isa = PBXBuildFile; fileRef = B20C795C1A2C592C0002E40B /* libRaknet.a */; };
		B215ACB019F689630094452D /* main.cpp in Sources */ = {isa = PBXBuildFile; fileRef = B215ACAF19F689630094452D /* main.cpp */; };
		B215ACBB19F768430094452D /* libcurses.dylib in Frameworks */ = {isa = PBXBuildFile; fileRef = B215ACBA19F768430094452D /* libcurses.dylib */; };
/* End PBXBuildFile section */

/* Begin PBXCopyFilesBuildPhase section */
		B215ACAA19F689620094452D /* CopyFiles */ = {
			isa = PBXCopyFilesBuildPhase;
			buildActionMask = 2147483647;
			dstPath = /usr/share/man/man1/;
			dstSubfolderSpec = 0;
			files = (
			);
			runOnlyForDeploymentPostprocessing = 1;
		};
/* End PBXCopyFilesBuildPhase section */

/* Begin PBXFileReference section */
		B209D7161A2EBB8900033021 /* Snake.cpp */ = {isa = PBXFileReference; fileEncoding = 4; lastKnownFileType = sourcecode.cpp.cpp; path = Snake.cpp; sourceTree = "<group>"; };
		B209D7171A2EBB8900033021 /* Snake.h */ = {isa = PBXFileReference; fileEncoding = 4; lastKnownFileType = sourcecode.c.h; path = Snake.h; sourceTree = "<group>"; };
		B209D7191A2EBB9400033021 /* Controller.cpp */ = {isa = PBXFileReference; fileEncoding = 4; lastKnownFileType = sourcecode.cpp.cpp; path = Controller.cpp; sourceTree = "<group>"; };
		B209D71A1A2EBB9400033021 /* Controller.h */ = {isa = PBXFileReference; fileEncoding = 4; lastKnownFileType = sourcecode.c.h; path = Controller.h; sourceTree = "<group>"; };
		B209D71C1A2EBBA200033021 /* Renderer.cpp */ = {isa = PBXFileReference; fileEncoding = 4; lastKnownFileType = sourcecode.cpp.cpp; path = Renderer.cpp; sourceTree = "<group>"; };
		B209D71D1A2EBBA200033021 /* Renderer.h */ = {isa = PBXFileReference; fileEncoding = 4; lastKnownFileType = sourcecode.c.h; path = Renderer.h; sourceTree = "<group>"; };
		B20C795C1A2C592C0002E40B /* libRaknet.a */ = {isa = PBXFileReference; lastKnownFileType = archive.ar; name = libRaknet.a; path = "../Raknet-bswmiythiujhxvcinhjzvldcyvqf/Build/Products/Debug/libRaknet.a"; sourceTree = "<group>"; };
		B215ACAC19F689630094452D /* Snake_Client */ = {isa = PBXFileReference; explicitFileType = "compiled.mach-o.executable"; includeInIndex = 0; path = Snake_Client; sourceTree = BUILT_PRODUCTS_DIR; };
		B215ACAF19F689630094452D /* main.cpp */ = {isa = PBXFileReference; lastKnownFileType = sourcecode.cpp.cpp; path = main.cpp; sourceTree = "<group>"; };
		B215ACBA19F768430094452D /* libcurses.dylib */ = {isa = PBXFileReference; lastKnownFileType = "compiled.mach-o.dylib"; name = libcurses.dylib; path = usr/lib/libcurses.dylib; sourceTree = SDKROOT; };
/* End PBXFileReference section */

/* Begin PBXFrameworksBuildPhase section */
		B215ACA919F689620094452D /* Frameworks */ = {
			isa = PBXFrameworksBuildPhase;
			buildActionMask = 2147483647;
			files = (
				B215ACBB19F768430094452D /* libcurses.dylib in Frameworks */,
				B20C795D1A2C592C0002E40B /* libRaknet.a in Frameworks */,
			);
			runOnlyForDeploymentPostprocessing = 0;
		};
/* End PBXFrameworksBuildPhase section */

/* Begin PBXGroup section */
		B215ACA319F689620094452D = {
			isa = PBXGroup;
			children = (
				B20C795C1A2C592C0002E40B /* libRaknet.a */,
				B215ACBA19F768430094452D /* libcurses.dylib */,
				B215ACAE19F689630094452D /* Snake_Client */,
				B215ACAD19F689630094452D /* Products */,
			);
			sourceTree = "<group>";
		};
		B215ACAD19F689630094452D /* Products */ = {
			isa = PBXGroup;
			children = (
				B215ACAC19F689630094452D /* Snake_Client */,
			);
			name = Products;
			sourceTree = "<group>";
		};
		B215ACAE19F689630094452D /* Snake_Client */ = {
			isa = PBXGroup;
			children = (
				B215ACAF19F689630094452D /* main.cpp */,
				B209D7161A2EBB8900033021 /* Snake.cpp */,
				B209D7171A2EBB8900033021 /* Snake.h */,
				B209D7191A2EBB9400033021 /* Controller.cpp */,
				B209D71A1A2EBB9400033021 /* Controller.h */,
				B209D71C1A2EBBA200033021 /* Renderer.cpp */,
				B209D71D1A2EBBA200033021 /* Renderer.h */,
			);
			path = Snake_Client;
			sourceTree = "<group>";
		};
/* End PBXGroup section */

/* Begin PBXNativeTarget section */
		B215ACAB19F689620094452D /* Snake_Client */ = {
			isa = PBXNativeTarget;
			buildConfigurationList = B215ACB319F689630094452D /* Build configuration list for PBXNativeTarget "Snake_Client" */;
			buildPhases = (
				B215ACA819F689620094452D /* Sources */,
				B215ACA919F689620094452D /* Frameworks */,
				B215ACAA19F689620094452D /* CopyFiles */,
			);
			buildRules = (
			);
			dependencies = (
			);
			name = Snake_Client;
			productName = Snake_Client;
			productReference = B215ACAC19F689630094452D /* Snake_Client */;
			productType = "com.apple.product-type.tool";
		};
/* End PBXNativeTarget section */

/* Begin PBXProject section */
		B215ACA419F689620094452D /* Project object */ = {
			isa = PBXProject;
			attributes = {
				LastUpgradeCheck = 0600;
				ORGANIZATIONNAME = "Michael Herman";
				TargetAttributes = {
					B215ACAB19F689620094452D = {
						CreatedOnToolsVersion = 6.0.1;
					};
				};
			};
			buildConfigurationList = B215ACA719F689620094452D /* Build configuration list for PBXProject "Snake_Client" */;
			compatibilityVersion = "Xcode 3.2";
			developmentRegion = English;
			hasScannedForEncodings = 0;
			knownRegions = (
				en,
			);
			mainGroup = B215ACA319F689620094452D;
			productRefGroup = B215ACAD19F689630094452D /* Products */;
			projectDirPath = "";
			projectRoot = "";
			targets = (
				B215ACAB19F689620094452D /* Snake_Client */,
			);
		};
/* End PBXProject section */

/* Begin PBXSourcesBuildPhase section */
		B215ACA819F689620094452D /* Sources */ = {
			isa = PBXSourcesBuildPhase;
			buildActionMask = 2147483647;
			files = (
				B209D71E1A2EBBA200033021 /* Renderer.cpp in Sources */,
				B209D7181A2EBB8900033021 /* Snake.cpp in Sources */,
				B209D71B1A2EBB9400033021 /* Controller.cpp in Sources */,
				B215ACB019F689630094452D /* main.cpp in Sources */,
			);
			runOnlyForDeploymentPostprocessing = 0;
		};
/* End PBXSourcesBuildPhase section */

/* Begin XCBuildConfiguration section */
		B215ACB119F689630094452D /* Debug */ = {
			isa = XCBuildConfiguration;
			buildSettings = {
				ALWAYS_SEARCH_USER_PATHS = NO;
				CLANG_CXX_LANGUAGE_STANDARD = "gnu++0x";
				CLANG_CXX_LIBRARY = "libc++";
				CLANG_ENABLE_MODULES = YES;
				CLANG_ENABLE_OBJC_ARC = YES;
				CLANG_WARN_BOOL_CONVERSION = YES;
				CLANG_WARN_CONSTANT_CONVERSION = YES;
				CLANG_WARN_DIRECT_OBJC_ISA_USAGE = YES_ERROR;
				CLANG_WARN_EMPTY_BODY = YES;
				CLANG_WARN_ENUM_CONVERSION = YES;
				CLANG_WARN_INT_CONVERSION = YES;
				CLANG_WARN_OBJC_ROOT_CLASS = YES_ERROR;
				CLANG_WARN_UNREACHABLE_CODE = YES;
				CLANG_WARN__DUPLICATE_METHOD_MATCH = YES;
				COPY_PHASE_STRIP = NO;
				ENABLE_STRICT_OBJC_MSGSEND = YES;
				GCC_C_LANGUAGE_STANDARD = gnu99;
				GCC_DYNAMIC_NO_PIC = NO;
				GCC_OPTIMIZATION_LEVEL = 0;
				GCC_PREPROCESSOR_DEFINITIONS = (
					"DEBUG=1",
					"$(inherited)",
				);
				GCC_SYMBOLS_PRIVATE_EXTERN = NO;
				GCC_WARN_64_TO_32_BIT_CONVERSION = YES;
				GCC_WARN_ABOUT_RETURN_TYPE = YES_ERROR;
				GCC_WARN_UNDECLARED_SELECTOR = YES;
				GCC_WARN_UNINITIALIZED_AUTOS = YES_AGGRESSIVE;
				GCC_WARN_UNUSED_FUNCTION = YES;
				GCC_WARN_UNUSED_VARIABLE = YES;
				MACOSX_DEPLOYMENT_TARGET = 10.9;
				MTL_ENABLE_DEBUG_INFO = YES;
				ONLY_ACTIVE_ARCH = YES;
				SDKROOT = macosx;
			};
			name = Debug;
		};
		B215ACB219F689630094452D /* Release */ = {
			isa = XCBuildConfiguration;
			buildSettings = {
				ALWAYS_SEARCH_USER_PATHS = NO;
				CLANG_CXX_LANGUAGE_STANDARD = "gnu++0x";
				CLANG_CXX_LIBRARY = "libc++";
				CLANG_ENABLE_MODULES = YES;
				CLANG_ENABLE_OBJC_ARC = YES;
				CLANG_WARN_BOOL_CONVERSION = YES;
				CLANG_WARN_CONSTANT_CONVERSION = YES;
				CLANG_WARN_DIRECT_OBJC_ISA_USAGE = YES_ERROR;
				CLANG_WARN_EMPTY_BODY = YES;
				CLANG_WARN_ENUM_CONVERSION = YES;
				CLANG_WARN_INT_CONVERSION = YES;
				CLANG_WARN_OBJC_ROOT_CLASS = YES_ERROR;
				CLANG_WARN_UNREACHABLE_CODE = YES;
				CLANG_WARN__DUPLICATE_METHOD_MATCH = YES;
				COPY_PHASE_STRIP = YES;
				DEBUG_INFORMATION_FORMAT = "dwarf-with-dsym";
				ENABLE_NS_ASSERTIONS = NO;
				ENABLE_STRICT_OBJC_MSGSEND = YES;
				GCC_C_LANGUAGE_STANDARD = gnu99;
				GCC_WARN_64_TO_32_BIT_CONVERSION = YES;
				GCC_WARN_ABOUT_RETURN_TYPE = YES_ERROR;
				GCC_WARN_UNDECLARED_SELECTOR = YES;
				GCC_WARN_UNINITIALIZED_AUTOS = YES_AGGRESSIVE;
				GCC_WARN_UNUSED_FUNCTION = YES;
				GCC_WARN_UNUSED_VARIABLE = YES;
				MACOSX_DEPLOYMENT_TARGET = 10.9;
				MTL_ENABLE_DEBUG_INFO = NO;
				SDKROOT = macosx;
			};
			name = Release;
		};
		B215ACB419F689630094452D /* Debug */ = {
			isa = XCBuildConfiguration;
			buildSettings = {
				ALWAYS_SEARCH_USER_PATHS = YES;
				CLANG_CXX_LIBRARY = "libstdc++";
				HEADER_SEARCH_PATHS = (
					"$(inherited)",
					/Applications/Xcode.app/Contents/Developer/Toolchains/XcodeDefault.xctoolchain/usr/include,
					"\"$(SRCROOT)/../Raknet/Source\"",
				);
				LIBRARY_SEARCH_PATHS = (
					"$(inherited)",
					"$(USER_LIBRARY_DIR)/Developer/Xcode/DerivedData/Raknet-gwkkbydmwzdlaxehclybgzejpokt/Build/Products/Debug",
					/Users/michaelherman/Documents/College/Semester,
					5/Advance,
					Game,
					"Design/RaknetTest/MultiSnake/Raknet-bswmiythiujhxvcinhjzvldcyvqf/Build/Products/Debug",
				);
				PRODUCT_NAME = "$(TARGET_NAME)";
			};
			name = Debug;
		};
		B215ACB519F689630094452D /* Release */ = {
			isa = XCBuildConfiguration;
			buildSettings = {
				ALWAYS_SEARCH_USER_PATHS = YES;
				CLANG_CXX_LIBRARY = "libstdc++";
				HEADER_SEARCH_PATHS = (
					"$(inherited)",
					/Applications/Xcode.app/Contents/Developer/Toolchains/XcodeDefault.xctoolchain/usr/include,
					"\"$(SRCROOT)/../Raknet/Source\"",
				);
				LIBRARY_SEARCH_PATHS = (
					"$(inherited)",
					"$(USER_LIBRARY_DIR)/Developer/Xcode/DerivedData/Raknet-gwkkbydmwzdlaxehclybgzejpokt/Build/Products/Debug",
					/Users/michaelherman/Documents/College/Semester,
					5/Advance,
					Game,
					"Design/RaknetTest/MultiSnake/Raknet-bswmiythiujhxvcinhjzvldcyvqf/Build/Products/Debug",
				);
				PRODUCT_NAME = "$(TARGET_NAME)";
			};
			name = Release;
		};
/* End XCBuildConfiguration section */

/* Begin XCConfigurationList section */
		B215ACA719F689620094452D /* Build configuration list for PBXProject "Snake_Client" */ = {
			isa = XCConfigurationList;
			buildConfigurations = (
				B215ACB119F689630094452D /* Debug */,
				B215ACB219F689630094452D /* Release */,
			);
			defaultConfigurationIsVisible = 0;
			defaultConfigurationName = Release;
		};
		B215ACB319F689630094452D /* Build configuration list for PBXNativeTarget "Snake_Client" */ = {
			isa = XCConfigurationList;
			buildConfigurations = (
				B215ACB419F689630094452D /* Debug */,
				B215ACB519F689630094452D /* Release */,
			);
			defaultConfigurationIsVisible = 0;
			defaultConfigurationName = Release;
		};
/* End XCConfigurationList section */
	};
	rootObject = B215ACA419F689620094452D /* Project object */;
}
